
Microsoft Visual Studio Solution File, Format Version 12.00
# Visual Studio Version 16
VisualStudioVersion = 16.0.30611.23
MinimumVisualStudioVersion = 15.0.26124.0
Project("{FAE04EC0-301F-11D3-BF4B-00C04F79EFBC}") = "Test.Objects", "Objects/Test.Objects.csproj", "268da261-10c4-45fb-93e0-fb0e1fe46440"
EndProject
Project("{FAE04EC0-301F-11D3-BF4B-00C04F79EFBC}") = "Test.Tests", "Tests/Test.Tests.csproj", "6dd83169-3aaf-42db-8715-429cc4713d21"
EndProject
Project("{FAE04EC0-301F-11D3-BF4B-00C04F79EFBC}") = "Test.ODataBackend", "ODataBackend/Test.ODataBackend.csproj", "7ad2fb79-6cb2-4e1c-a7e9-d44cac56b0fa"
EndProject
Project("{FAE04EC0-301F-11D3-BF4B-00C04F79EFBC}") = "Test.IntegrationTests", "IntegrationTests/Test.IntegrationTests.csproj", "eef6a2ed-9b53-449d-92b5-50e1d80168a7"
EndProject
Global
	GlobalSection(SolutionConfigurationPlatforms) = preSolution
Debug|Any CPU = Debug|Any CPU
Release|Any CPU = Release|Any CPU
	EndGlobalSection
	GlobalSection(ProjectConfigurationPlatforms) = postSolution
		268da261-10c4-45fb-93e0-fb0e1fe46440.Debug|Any CPU.ActiveCfg = Debug|Any CPU
		268da261-10c4-45fb-93e0-fb0e1fe46440.Debug|Any CPU.Build.0 = Debug|Any CPU
		268da261-10c4-45fb-93e0-fb0e1fe46440.Release|Any CPU.ActiveCfg = Release|Any CPU
		268da261-10c4-45fb-93e0-fb0e1fe46440.Release|Any CPU.Build.0 = Release|Any CPU
		6dd83169-3aaf-42db-8715-429cc4713d21.Debug|Any CPU.ActiveCfg = Debug|Any CPU
		6dd83169-3aaf-42db-8715-429cc4713d21.Debug|Any CPU.Build.0 = Debug|Any CPU
		6dd83169-3aaf-42db-8715-429cc4713d21.Release|Any CPU.ActiveCfg = Release|Any CPU
		6dd83169-3aaf-42db-8715-429cc4713d21.Release|Any CPU.Build.0 = Release|Any CPU
		7ad2fb79-6cb2-4e1c-a7e9-d44cac56b0fa.Debug|Any CPU.ActiveCfg = Debug|Any CPU
		7ad2fb79-6cb2-4e1c-a7e9-d44cac56b0fa.Debug|Any CPU.Build.0 = Debug|Any CPU
		7ad2fb79-6cb2-4e1c-a7e9-d44cac56b0fa.Release|Any CPU.ActiveCfg = Release|Any CPU
		7ad2fb79-6cb2-4e1c-a7e9-d44cac56b0fa.Release|Any CPU.Build.0 = Release|Any CPU
		eef6a2ed-9b53-449d-92b5-50e1d80168a7.Debug|Any CPU.ActiveCfg = Debug|Any CPU
		eef6a2ed-9b53-449d-92b5-50e1d80168a7.Debug|Any CPU.Build.0 = Debug|Any CPU
		eef6a2ed-9b53-449d-92b5-50e1d80168a7.Release|Any CPU.ActiveCfg = Release|Any CPU
		eef6a2ed-9b53-449d-92b5-50e1d80168a7.Release|Any CPU.Build.0 = Release|Any CPU
	EndGlobalSection
	GlobalSection(SolutionProperties) = preSolution
		HideSolutionNode = FALSE
	EndGlobalSection
EndGlobal
